
Microsoft Visual Studio Solution File, Format Version 12.00
# Visual Studio Version 17
VisualStudioVersion = 17.11.35312.102
MinimumVisualStudioVersion = 10.0.40219.1
Project("{8BC9CEB8-8B4A-11D0-8D11-00A0C91BC942}") = "Arbitro", "Arbitro\Arbitro.vcxproj", "{EE4BC141-B1F2-40A6-B612-30D879DC573F}"
EndProject
Project("{8BC9CEB8-8B4A-11D0-8D11-00A0C91BC942}") = "Jogoui", "Jogoui\Jogoui.vcxproj", "{3CACE029-3C16-4E17-84D6-69958DF0257B}"
EndProject
Project("{8BC9CEB8-8B4A-11D0-8D11-00A0C91BC942}") = "Bot", "Bot\Bot.vcxproj", "{5FDD116C-6E1B-4A73-9040-9813C44E2039}"
EndProject
Project("{8BC9CEB8-8B4A-11D0-8D11-00A0C91BC942}") = "Painel", "Painel\Painel.vcxproj", "{8D8803CD-B657-44CC-8635-B101A559ABEB}"
EndProject
Global
	GlobalSection(SolutionConfigurationPlatforms) = preSolution
		Debug|x64 = Debug|x64
		Debug|x86 = Debug|x86
		Release|x64 = Release|x64
		Release|x86 = Release|x86
	EndGlobalSection
	GlobalSection(ProjectConfigurationPlatforms) = postSolution
		{EE4BC141-B1F2-40A6-B612-30D879DC573F}.Debug|x64.ActiveCfg = Debug|x64
		{EE4BC141-B1F2-40A6-B612-30D879DC573F}.Debug|x64.Build.0 = Debug|x64
		{EE4BC141-B1F2-40A6-B612-30D879DC573F}.Debug|x86.ActiveCfg = Debug|Win32
		{EE4BC141-B1F2-40A6-B612-30D879DC573F}.Debug|x86.Build.0 = Debug|Win32
		{EE4BC141-B1F2-40A6-B612-30D879DC573F}.Release|x64.ActiveCfg = Release|x64
		{EE4BC141-B1F2-40A6-B612-30D879DC573F}.Release|x64.Build.0 = Release|x64
		{EE4BC141-B1F2-40A6-B612-30D879DC573F}.Release|x86.ActiveCfg = Release|Win32
		{EE4BC141-B1F2-40A6-B612-30D879DC573F}.Release|x86.Build.0 = Release|Win32
		{3CACE029-3C16-4E17-84D6-69958DF0257B}.Debug|x64.ActiveCfg = Debug|x64
		{3CACE029-3C16-4E17-84D6-69958DF0257B}.Debug|x64.Build.0 = Debug|x64
		{3CACE029-3C16-4E17-84D6-69958DF0257B}.Debug|x86.ActiveCfg = Debug|Win32
		{3CACE029-3C16-4E17-84D6-69958DF0257B}.Debug|x86.Build.0 = Debug|Win32
		{3CACE029-3C16-4E17-84D6-69958DF0257B}.Release|x64.ActiveCfg = Release|x64
		{3CACE029-3C16-4E17-84D6-69958DF0257B}.Release|x64.Build.0 = Release|x64
		{3CACE029-3C16-4E17-84D6-69958DF0257B}.Release|x86.ActiveCfg = Release|Win32
		{3CACE029-3C16-4E17-84D6-69958DF0257B}.Release|x86.Build.0 = Release|Win32
		{5FDD116C-6E1B-4A73-9040-9813C44E2039}.Debug|x64.ActiveCfg = Debug|x64
		{5FDD116C-6E1B-4A73-9040-9813C44E2039}.Debug|x64.Build.0 = Debug|x64
		{5FDD116C-6E1B-4A73-9040-9813C44E2039}.Debug|x86.ActiveCfg = Debug|Win32
		{5FDD116C-6E1B-4A73-9040-9813C44E2039}.Debug|x86.Build.0 = Debug|Win32
		{5FDD116C-6E1B-4A73-9040-9813C44E2039}.Release|x64.ActiveCfg = Release|x64
		{5FDD116C-6E1B-4A73-9040-9813C44E2039}.Release|x64.Build.0 = Release|x64
		{5FDD116C-6E1B-4A73-9040-9813C44E2039}.Release|x86.ActiveCfg = Release|Win32
		{5FDD116C-6E1B-4A73-9040-9813C44E2039}.Release|x86.Build.0 = Release|Win32
		{8D8803CD-B657-44CC-8635-B101A559ABEB}.Debug|x64.ActiveCfg = Debug|x64
		{8D8803CD-B657-44CC-8635-B101A559ABEB}.Debug|x64.Build.0 = Debug|x64
		{8D8803CD-B657-44CC-8635-B101A559ABEB}.Debug|x86.ActiveCfg = Debug|Win32
		{8D8803CD-B657-44CC-8635-B101A559ABEB}.Debug|x86.Build.0 = Debug|Win32
		{8D8803CD-B657-44CC-8635-B101A559ABEB}.Release|x64.ActiveCfg = Release|x64
		{8D8803CD-B657-44CC-8635-B101A559ABEB}.Release|x64.Build.0 = Release|x64
		{8D8803CD-B657-44CC-8635-B101A559ABEB}.Release|x86.ActiveCfg = Release|Win32
		{8D8803CD-B657-44CC-8635-B101A559ABEB}.Release|x86.Build.0 = Release|Win32
	EndGlobalSection
	GlobalSection(SolutionProperties) = preSolution
		HideSolutionNode = FALSE
	EndGlobalSection
	GlobalSection(ExtensibilityGlobals) = postSolution
		SolutionGuid = {5C09D22E-6241-4160-80AD-819FD062F077}
	EndGlobalSection
EndGlobal
